
Microsoft Visual Studio Solution File, Format Version 12.00
# Visual Studio Version 16
VisualStudioVersion = 16.0.30128.74
MinimumVisualStudioVersion = 10.0.40219.1
Project("{FAE04EC0-301F-11D3-BF4B-00C04F79EFBC}") = "export_xyz", "export_xyz\export_xyz.csproj", "{2A3FF8D3-218B-4724-B39D-E392878C0F73}"
EndProject
Global
	GlobalSection(SolutionConfigurationPlatforms) = preSolution
		Debug|Any CPU = Debug|Any CPU
		Release|Any CPU = Release|Any CPU
	EndGlobalSection
	GlobalSection(ProjectConfigurationPlatforms) = postSolution
		{2A3FF8D3-218B-4724-B39D-E392878C0F73}.Debug|Any CPU.ActiveCfg = Debug|Any CPU
		{2A3FF8D3-218B-4724-B39D-E392878C0F73}.Debug|Any CPU.Build.0 = Debug|Any CPU
		{2A3FF8D3-218B-4724-B39D-E392878C0F73}.Release|Any CPU.ActiveCfg = Release|Any CPU
		{2A3FF8D3-218B-4724-B39D-E392878C0F73}.Release|Any CPU.Build.0 = Release|Any CPU
	EndGlobalSection
	GlobalSection(SolutionProperties) = preSolution
		HideSolutionNode = FALSE
	EndGlobalSection
	GlobalSection(ExtensibilityGlobals) = postSolution
		SolutionGuid = {6ED6E3FD-8952-45F4-856D-63187F469186}
	EndGlobalSection
EndGlobal
